
Microsoft Visual Studio Solution File, Format Version 12.00
# Visual Studio 15
VisualStudioVersion = 15.0.26228.4
MinimumVisualStudioVersion = 10.0.40219.1
Project("{FAE04EC0-301F-11D3-BF4B-00C04F79EFBC}") = "LearningViaCS", "LearningViaCS\LearningViaCS.csproj", "{438DBA94-2887-4FB5-8F46-6AAD4E440483}"
EndProject
Project("{2150E333-8FDC-42A3-9474-1A3956D46DE8}") = "DesignPattern", "DesignPattern", "{B914F30A-5B2D-4F9E-BBFA-A9E905485A30}"
EndProject
Project("{2150E333-8FDC-42A3-9474-1A3956D46DE8}") = "Structural", "Structural", "{E9A07DB9-E24D-40CF-B5A5-204B709C59AB}"
EndProject
Project("{9A19103F-16F7-4668-BE54-9A1E7A4F7556}") = "Decorator", "DesignPattern\Decorator\Decorator.csproj", "{A3A6B2D3-B951-40F0-A5B7-08AAB1917D52}"
EndProject
Project("{2150E333-8FDC-42A3-9474-1A3956D46DE8}") = "Creational", "Creational", "{A9CC0295-39D5-4734-BC53-BA2205CA8703}"
EndProject
Project("{FAE04EC0-301F-11D3-BF4B-00C04F79EFBC}") = "FactoryMethod", "DesignPattern\FactoryMethod\FactoryMethod.csproj", "{A19A5CB0-5CDC-4AEF-ABCE-E00EB5EA15FA}"
EndProject
Project("{2150E333-8FDC-42A3-9474-1A3956D46DE8}") = "Behavioral", "Behavioral", "{FFC306E4-A0B2-4E81-A43B-075C2BA911EF}"
EndProject
Project("{FAE04EC0-301F-11D3-BF4B-00C04F79EFBC}") = "Strategy", "DesignPattern\Strategy\Strategy.csproj", "{6401E66F-AD5B-4FCA-962D-569CF2F61D2D}"
EndProject
Project("{FAE04EC0-301F-11D3-BF4B-00C04F79EFBC}") = "Interpreter", "DesignPattern\Interpreter\Interpreter.csproj", "{F6540A93-4807-46C2-9D51-54345275BD8E}"
EndProject
Global
	GlobalSection(SolutionConfigurationPlatforms) = preSolution
		Debug|Any CPU = Debug|Any CPU
		Release|Any CPU = Release|Any CPU
	EndGlobalSection
	GlobalSection(ProjectConfigurationPlatforms) = postSolution
		{438DBA94-2887-4FB5-8F46-6AAD4E440483}.Debug|Any CPU.ActiveCfg = Debug|Any CPU
		{438DBA94-2887-4FB5-8F46-6AAD4E440483}.Debug|Any CPU.Build.0 = Debug|Any CPU
		{438DBA94-2887-4FB5-8F46-6AAD4E440483}.Release|Any CPU.ActiveCfg = Release|Any CPU
		{438DBA94-2887-4FB5-8F46-6AAD4E440483}.Release|Any CPU.Build.0 = Release|Any CPU
		{A3A6B2D3-B951-40F0-A5B7-08AAB1917D52}.Debug|Any CPU.ActiveCfg = Debug|Any CPU
		{A3A6B2D3-B951-40F0-A5B7-08AAB1917D52}.Debug|Any CPU.Build.0 = Debug|Any CPU
		{A3A6B2D3-B951-40F0-A5B7-08AAB1917D52}.Release|Any CPU.ActiveCfg = Release|Any CPU
		{A3A6B2D3-B951-40F0-A5B7-08AAB1917D52}.Release|Any CPU.Build.0 = Release|Any CPU
		{A19A5CB0-5CDC-4AEF-ABCE-E00EB5EA15FA}.Debug|Any CPU.ActiveCfg = Debug|Any CPU
		{A19A5CB0-5CDC-4AEF-ABCE-E00EB5EA15FA}.Debug|Any CPU.Build.0 = Debug|Any CPU
		{A19A5CB0-5CDC-4AEF-ABCE-E00EB5EA15FA}.Release|Any CPU.ActiveCfg = Release|Any CPU
		{A19A5CB0-5CDC-4AEF-ABCE-E00EB5EA15FA}.Release|Any CPU.Build.0 = Release|Any CPU
		{6401E66F-AD5B-4FCA-962D-569CF2F61D2D}.Debug|Any CPU.ActiveCfg = Debug|Any CPU
		{6401E66F-AD5B-4FCA-962D-569CF2F61D2D}.Debug|Any CPU.Build.0 = Debug|Any CPU
		{6401E66F-AD5B-4FCA-962D-569CF2F61D2D}.Release|Any CPU.ActiveCfg = Release|Any CPU
		{6401E66F-AD5B-4FCA-962D-569CF2F61D2D}.Release|Any CPU.Build.0 = Release|Any CPU
		{F6540A93-4807-46C2-9D51-54345275BD8E}.Debug|Any CPU.ActiveCfg = Debug|Any CPU
		{F6540A93-4807-46C2-9D51-54345275BD8E}.Debug|Any CPU.Build.0 = Debug|Any CPU
		{F6540A93-4807-46C2-9D51-54345275BD8E}.Release|Any CPU.ActiveCfg = Release|Any CPU
		{F6540A93-4807-46C2-9D51-54345275BD8E}.Release|Any CPU.Build.0 = Release|Any CPU
	EndGlobalSection
	GlobalSection(SolutionProperties) = preSolution
		HideSolutionNode = FALSE
	EndGlobalSection
	GlobalSection(NestedProjects) = preSolution
		{E9A07DB9-E24D-40CF-B5A5-204B709C59AB} = {B914F30A-5B2D-4F9E-BBFA-A9E905485A30}
		{A3A6B2D3-B951-40F0-A5B7-08AAB1917D52} = {E9A07DB9-E24D-40CF-B5A5-204B709C59AB}
		{A9CC0295-39D5-4734-BC53-BA2205CA8703} = {B914F30A-5B2D-4F9E-BBFA-A9E905485A30}
		{A19A5CB0-5CDC-4AEF-ABCE-E00EB5EA15FA} = {A9CC0295-39D5-4734-BC53-BA2205CA8703}
		{FFC306E4-A0B2-4E81-A43B-075C2BA911EF} = {B914F30A-5B2D-4F9E-BBFA-A9E905485A30}
		{6401E66F-AD5B-4FCA-962D-569CF2F61D2D} = {FFC306E4-A0B2-4E81-A43B-075C2BA911EF}
		{F6540A93-4807-46C2-9D51-54345275BD8E} = {FFC306E4-A0B2-4E81-A43B-075C2BA911EF}
	EndGlobalSection
EndGlobal
