
Microsoft Visual Studio Solution File, Format Version 12.00
# Visual Studio 15
VisualStudioVersion = 15.0.26228.4
MinimumVisualStudioVersion = 10.0.40219.1
Project("{FAE04EC0-301F-11D3-BF4B-00C04F79EFBC}") = "LearningViaCS", "LearningViaCS\LearningViaCS.csproj", "{438DBA94-2887-4FB5-8F46-6AAD4E440483}"
EndProject
Project("{2150E333-8FDC-42A3-9474-1A3956D46DE8}") = "DesignPattern", "DesignPattern", "{B914F30A-5B2D-4F9E-BBFA-A9E905485A30}"
EndProject
Project("{2150E333-8FDC-42A3-9474-1A3956D46DE8}") = "Structural", "Structural", "{E9A07DB9-E24D-40CF-B5A5-204B709C59AB}"
EndProject
Project("{9A19103F-16F7-4668-BE54-9A1E7A4F7556}") = "Decorator", "DesignPattern\Decorator\Decorator.csproj", "{A3A6B2D3-B951-40F0-A5B7-08AAB1917D52}"
EndProject
Project("{FAE04EC0-301F-11D3-BF4B-00C04F79EFBC}") = "Proxy", "DesignPattern\Proxy\Proxy.csproj", "{C86FADE1-CADB-46E1-BC1E-8C3AC05EF2FE}"
EndProject
Project("{FAE04EC0-301F-11D3-BF4B-00C04F79EFBC}") = "Bridge", "DesignPattern\Bridge\Bridge.csproj", "{2E7231B9-0AA2-4C44-9AD5-7B881D654549}"
EndProject
Project("{FAE04EC0-301F-11D3-BF4B-00C04F79EFBC}") = "Composite", "DesignPattern\Composite\Composite.csproj", "{10B52A54-DB8D-4A4A-8969-89DEE1CFE701}"
EndProject
Project("{FAE04EC0-301F-11D3-BF4B-00C04F79EFBC}") = "Flyweight", "DesignPattern\Flyweight\Flyweight.csproj", "{BA120245-E249-4C6E-92F1-B9DB60CF1D6D}"
EndProject
Project("{FAE04EC0-301F-11D3-BF4B-00C04F79EFBC}") = "Adapter", "DesignPattern\Adapter\Adapter.csproj", "{2E9DAE5B-3FF5-49D2-8671-997128D507DD}"
EndProject
Global
	GlobalSection(SolutionConfigurationPlatforms) = preSolution
		Debug|Any CPU = Debug|Any CPU
		Release|Any CPU = Release|Any CPU
	EndGlobalSection
	GlobalSection(ProjectConfigurationPlatforms) = postSolution
		{438DBA94-2887-4FB5-8F46-6AAD4E440483}.Debug|Any CPU.ActiveCfg = Debug|Any CPU
		{438DBA94-2887-4FB5-8F46-6AAD4E440483}.Debug|Any CPU.Build.0 = Debug|Any CPU
		{438DBA94-2887-4FB5-8F46-6AAD4E440483}.Release|Any CPU.ActiveCfg = Release|Any CPU
		{438DBA94-2887-4FB5-8F46-6AAD4E440483}.Release|Any CPU.Build.0 = Release|Any CPU
		{A3A6B2D3-B951-40F0-A5B7-08AAB1917D52}.Debug|Any CPU.ActiveCfg = Debug|Any CPU
		{A3A6B2D3-B951-40F0-A5B7-08AAB1917D52}.Debug|Any CPU.Build.0 = Debug|Any CPU
		{A3A6B2D3-B951-40F0-A5B7-08AAB1917D52}.Release|Any CPU.ActiveCfg = Release|Any CPU
		{A3A6B2D3-B951-40F0-A5B7-08AAB1917D52}.Release|Any CPU.Build.0 = Release|Any CPU
		{C86FADE1-CADB-46E1-BC1E-8C3AC05EF2FE}.Debug|Any CPU.ActiveCfg = Debug|Any CPU
		{C86FADE1-CADB-46E1-BC1E-8C3AC05EF2FE}.Debug|Any CPU.Build.0 = Debug|Any CPU
		{C86FADE1-CADB-46E1-BC1E-8C3AC05EF2FE}.Release|Any CPU.ActiveCfg = Release|Any CPU
		{C86FADE1-CADB-46E1-BC1E-8C3AC05EF2FE}.Release|Any CPU.Build.0 = Release|Any CPU
		{2E7231B9-0AA2-4C44-9AD5-7B881D654549}.Debug|Any CPU.ActiveCfg = Debug|Any CPU
		{2E7231B9-0AA2-4C44-9AD5-7B881D654549}.Debug|Any CPU.Build.0 = Debug|Any CPU
		{2E7231B9-0AA2-4C44-9AD5-7B881D654549}.Release|Any CPU.ActiveCfg = Release|Any CPU
		{2E7231B9-0AA2-4C44-9AD5-7B881D654549}.Release|Any CPU.Build.0 = Release|Any CPU
		{10B52A54-DB8D-4A4A-8969-89DEE1CFE701}.Debug|Any CPU.ActiveCfg = Debug|Any CPU
		{10B52A54-DB8D-4A4A-8969-89DEE1CFE701}.Debug|Any CPU.Build.0 = Debug|Any CPU
		{10B52A54-DB8D-4A4A-8969-89DEE1CFE701}.Release|Any CPU.ActiveCfg = Release|Any CPU
		{10B52A54-DB8D-4A4A-8969-89DEE1CFE701}.Release|Any CPU.Build.0 = Release|Any CPU
		{BA120245-E249-4C6E-92F1-B9DB60CF1D6D}.Debug|Any CPU.ActiveCfg = Debug|Any CPU
		{BA120245-E249-4C6E-92F1-B9DB60CF1D6D}.Debug|Any CPU.Build.0 = Debug|Any CPU
		{BA120245-E249-4C6E-92F1-B9DB60CF1D6D}.Release|Any CPU.ActiveCfg = Release|Any CPU
		{BA120245-E249-4C6E-92F1-B9DB60CF1D6D}.Release|Any CPU.Build.0 = Release|Any CPU
		{2E9DAE5B-3FF5-49D2-8671-997128D507DD}.Debug|Any CPU.ActiveCfg = Debug|Any CPU
		{2E9DAE5B-3FF5-49D2-8671-997128D507DD}.Debug|Any CPU.Build.0 = Debug|Any CPU
		{2E9DAE5B-3FF5-49D2-8671-997128D507DD}.Release|Any CPU.ActiveCfg = Release|Any CPU
		{2E9DAE5B-3FF5-49D2-8671-997128D507DD}.Release|Any CPU.Build.0 = Release|Any CPU
	EndGlobalSection
	GlobalSection(SolutionProperties) = preSolution
		HideSolutionNode = FALSE
	EndGlobalSection
	GlobalSection(NestedProjects) = preSolution
		{E9A07DB9-E24D-40CF-B5A5-204B709C59AB} = {B914F30A-5B2D-4F9E-BBFA-A9E905485A30}
		{A3A6B2D3-B951-40F0-A5B7-08AAB1917D52} = {E9A07DB9-E24D-40CF-B5A5-204B709C59AB}
		{C86FADE1-CADB-46E1-BC1E-8C3AC05EF2FE} = {E9A07DB9-E24D-40CF-B5A5-204B709C59AB}
		{2E7231B9-0AA2-4C44-9AD5-7B881D654549} = {E9A07DB9-E24D-40CF-B5A5-204B709C59AB}
		{10B52A54-DB8D-4A4A-8969-89DEE1CFE701} = {E9A07DB9-E24D-40CF-B5A5-204B709C59AB}
		{BA120245-E249-4C6E-92F1-B9DB60CF1D6D} = {E9A07DB9-E24D-40CF-B5A5-204B709C59AB}
		{2E9DAE5B-3FF5-49D2-8671-997128D507DD} = {E9A07DB9-E24D-40CF-B5A5-204B709C59AB}
	EndGlobalSection
EndGlobal
