
Microsoft Visual Studio Solution File, Format Version 12.00
# Visual Studio 15
VisualStudioVersion = 15.0.26228.4
MinimumVisualStudioVersion = 10.0.40219.1
Project("{FAE04EC0-301F-11D3-BF4B-00C04F79EFBC}") = "LearningViaCS", "LearningViaCS\LearningViaCS.csproj", "{438DBA94-2887-4FB5-8F46-6AAD4E440483}"
EndProject
Project("{2150E333-8FDC-42A3-9474-1A3956D46DE8}") = "DesignPattern", "DesignPattern", "{B914F30A-5B2D-4F9E-BBFA-A9E905485A30}"
EndProject
Project("{2150E333-8FDC-42A3-9474-1A3956D46DE8}") = "Structural", "Structural", "{E9A07DB9-E24D-40CF-B5A5-204B709C59AB}"
EndProject
Project("{9A19103F-16F7-4668-BE54-9A1E7A4F7556}") = "Decorator", "DesignPattern\Decorator\Decorator.csproj", "{A3A6B2D3-B951-40F0-A5B7-08AAB1917D52}"
EndProject
Project("{FAE04EC0-301F-11D3-BF4B-00C04F79EFBC}") = "Proxy", "DesignPattern\Proxy\Proxy.csproj", "{C86FADE1-CADB-46E1-BC1E-8C3AC05EF2FE}"
EndProject
Project("{FAE04EC0-301F-11D3-BF4B-00C04F79EFBC}") = "Bridge", "DesignPattern\Bridge\Bridge.csproj", "{2E7231B9-0AA2-4C44-9AD5-7B881D654549}"
EndProject
Project("{FAE04EC0-301F-11D3-BF4B-00C04F79EFBC}") = "Composite", "DesignPattern\Composite\Composite.csproj", "{10B52A54-DB8D-4A4A-8969-89DEE1CFE701}"
EndProject
Project("{FAE04EC0-301F-11D3-BF4B-00C04F79EFBC}") = "Flyweight", "DesignPattern\Flyweight\Flyweight.csproj", "{BA120245-E249-4C6E-92F1-B9DB60CF1D6D}"
EndProject
Project("{FAE04EC0-301F-11D3-BF4B-00C04F79EFBC}") = "Adapter", "DesignPattern\Adapter\Adapter.csproj", "{2E9DAE5B-3FF5-49D2-8671-997128D507DD}"
EndProject
Project("{FAE04EC0-301F-11D3-BF4B-00C04F79EFBC}") = "Facade", "DesignPattern\Facade\Facade.csproj", "{E450F19C-54A2-4A3C-8564-ED094FDC61B7}"
EndProject
Project("{FAE04EC0-301F-11D3-BF4B-00C04F79EFBC}") = "LibraryForFacade", "DesignPattern\LibraryForFacade\LibraryForFacade.csproj", "{F6F3F224-C315-48CA-B65C-A422C6F9E8D7}"
EndProject
Project("{2150E333-8FDC-42A3-9474-1A3956D46DE8}") = "Creational", "Creational", "{A9CC0295-39D5-4734-BC53-BA2205CA8703}"
EndProject
Project("{FAE04EC0-301F-11D3-BF4B-00C04F79EFBC}") = "Prototype", "DesignPattern\Prototype\Prototype.csproj", "{9B8F35A7-27D9-4A2F-9056-C3D7B68990C9}"
EndProject
Project("{FAE04EC0-301F-11D3-BF4B-00C04F79EFBC}") = "FactoryMethod", "DesignPattern\FactoryMethod\FactoryMethod.csproj", "{A19A5CB0-5CDC-4AEF-ABCE-E00EB5EA15FA}"
EndProject
Project("{FAE04EC0-301F-11D3-BF4B-00C04F79EFBC}") = "Singleton", "DesignPattern\Singleton\Singleton.csproj", "{C7B21E74-378C-4389-BA44-5C73CB7ABE48}"
EndProject
Project("{FAE04EC0-301F-11D3-BF4B-00C04F79EFBC}") = "AbstractFactory", "DesignPattern\AbstractFactory\AbstractFactory.csproj", "{16E641CE-6642-4AC6-A742-CC79DD49F7C3}"
EndProject
Project("{FAE04EC0-301F-11D3-BF4B-00C04F79EFBC}") = "Builder", "DesignPattern\Builder\Builder.csproj", "{A37ED630-ABDA-4627-969A-824C43ED1723}"
EndProject
Project("{2150E333-8FDC-42A3-9474-1A3956D46DE8}") = "Behavioral", "Behavioral", "{FFC306E4-A0B2-4E81-A43B-075C2BA911EF}"
EndProject
Project("{FAE04EC0-301F-11D3-BF4B-00C04F79EFBC}") = "Strategy", "DesignPattern\Strategy\Strategy.csproj", "{6401E66F-AD5B-4FCA-962D-569CF2F61D2D}"
EndProject
Project("{FAE04EC0-301F-11D3-BF4B-00C04F79EFBC}") = "State", "DesignPattern\State\State.csproj", "{7C8D870C-D44B-4106-B69E-E50D44F9902A}"
EndProject
Project("{FAE04EC0-301F-11D3-BF4B-00C04F79EFBC}") = "TemplateMethod", "DesignPattern\TemplateMethod\TemplateMethod.csproj", "{0721C0B6-7629-4AFF-B5D8-CC313D5FC7AD}"
EndProject
Global
	GlobalSection(SolutionConfigurationPlatforms) = preSolution
		Debug|Any CPU = Debug|Any CPU
		Release|Any CPU = Release|Any CPU
	EndGlobalSection
	GlobalSection(ProjectConfigurationPlatforms) = postSolution
		{438DBA94-2887-4FB5-8F46-6AAD4E440483}.Debug|Any CPU.ActiveCfg = Debug|Any CPU
		{438DBA94-2887-4FB5-8F46-6AAD4E440483}.Debug|Any CPU.Build.0 = Debug|Any CPU
		{438DBA94-2887-4FB5-8F46-6AAD4E440483}.Release|Any CPU.ActiveCfg = Release|Any CPU
		{438DBA94-2887-4FB5-8F46-6AAD4E440483}.Release|Any CPU.Build.0 = Release|Any CPU
		{A3A6B2D3-B951-40F0-A5B7-08AAB1917D52}.Debug|Any CPU.ActiveCfg = Debug|Any CPU
		{A3A6B2D3-B951-40F0-A5B7-08AAB1917D52}.Debug|Any CPU.Build.0 = Debug|Any CPU
		{A3A6B2D3-B951-40F0-A5B7-08AAB1917D52}.Release|Any CPU.ActiveCfg = Release|Any CPU
		{A3A6B2D3-B951-40F0-A5B7-08AAB1917D52}.Release|Any CPU.Build.0 = Release|Any CPU
		{C86FADE1-CADB-46E1-BC1E-8C3AC05EF2FE}.Debug|Any CPU.ActiveCfg = Debug|Any CPU
		{C86FADE1-CADB-46E1-BC1E-8C3AC05EF2FE}.Debug|Any CPU.Build.0 = Debug|Any CPU
		{C86FADE1-CADB-46E1-BC1E-8C3AC05EF2FE}.Release|Any CPU.ActiveCfg = Release|Any CPU
		{C86FADE1-CADB-46E1-BC1E-8C3AC05EF2FE}.Release|Any CPU.Build.0 = Release|Any CPU
		{2E7231B9-0AA2-4C44-9AD5-7B881D654549}.Debug|Any CPU.ActiveCfg = Debug|Any CPU
		{2E7231B9-0AA2-4C44-9AD5-7B881D654549}.Debug|Any CPU.Build.0 = Debug|Any CPU
		{2E7231B9-0AA2-4C44-9AD5-7B881D654549}.Release|Any CPU.ActiveCfg = Release|Any CPU
		{2E7231B9-0AA2-4C44-9AD5-7B881D654549}.Release|Any CPU.Build.0 = Release|Any CPU
		{10B52A54-DB8D-4A4A-8969-89DEE1CFE701}.Debug|Any CPU.ActiveCfg = Debug|Any CPU
		{10B52A54-DB8D-4A4A-8969-89DEE1CFE701}.Debug|Any CPU.Build.0 = Debug|Any CPU
		{10B52A54-DB8D-4A4A-8969-89DEE1CFE701}.Release|Any CPU.ActiveCfg = Release|Any CPU
		{10B52A54-DB8D-4A4A-8969-89DEE1CFE701}.Release|Any CPU.Build.0 = Release|Any CPU
		{BA120245-E249-4C6E-92F1-B9DB60CF1D6D}.Debug|Any CPU.ActiveCfg = Debug|Any CPU
		{BA120245-E249-4C6E-92F1-B9DB60CF1D6D}.Debug|Any CPU.Build.0 = Debug|Any CPU
		{BA120245-E249-4C6E-92F1-B9DB60CF1D6D}.Release|Any CPU.ActiveCfg = Release|Any CPU
		{BA120245-E249-4C6E-92F1-B9DB60CF1D6D}.Release|Any CPU.Build.0 = Release|Any CPU
		{2E9DAE5B-3FF5-49D2-8671-997128D507DD}.Debug|Any CPU.ActiveCfg = Debug|Any CPU
		{2E9DAE5B-3FF5-49D2-8671-997128D507DD}.Debug|Any CPU.Build.0 = Debug|Any CPU
		{2E9DAE5B-3FF5-49D2-8671-997128D507DD}.Release|Any CPU.ActiveCfg = Release|Any CPU
		{2E9DAE5B-3FF5-49D2-8671-997128D507DD}.Release|Any CPU.Build.0 = Release|Any CPU
		{E450F19C-54A2-4A3C-8564-ED094FDC61B7}.Debug|Any CPU.ActiveCfg = Debug|Any CPU
		{E450F19C-54A2-4A3C-8564-ED094FDC61B7}.Debug|Any CPU.Build.0 = Debug|Any CPU
		{E450F19C-54A2-4A3C-8564-ED094FDC61B7}.Release|Any CPU.ActiveCfg = Release|Any CPU
		{E450F19C-54A2-4A3C-8564-ED094FDC61B7}.Release|Any CPU.Build.0 = Release|Any CPU
		{F6F3F224-C315-48CA-B65C-A422C6F9E8D7}.Debug|Any CPU.ActiveCfg = Debug|Any CPU
		{F6F3F224-C315-48CA-B65C-A422C6F9E8D7}.Debug|Any CPU.Build.0 = Debug|Any CPU
		{F6F3F224-C315-48CA-B65C-A422C6F9E8D7}.Release|Any CPU.ActiveCfg = Release|Any CPU
		{F6F3F224-C315-48CA-B65C-A422C6F9E8D7}.Release|Any CPU.Build.0 = Release|Any CPU
		{9B8F35A7-27D9-4A2F-9056-C3D7B68990C9}.Debug|Any CPU.ActiveCfg = Debug|Any CPU
		{9B8F35A7-27D9-4A2F-9056-C3D7B68990C9}.Debug|Any CPU.Build.0 = Debug|Any CPU
		{9B8F35A7-27D9-4A2F-9056-C3D7B68990C9}.Release|Any CPU.ActiveCfg = Release|Any CPU
		{9B8F35A7-27D9-4A2F-9056-C3D7B68990C9}.Release|Any CPU.Build.0 = Release|Any CPU
		{A19A5CB0-5CDC-4AEF-ABCE-E00EB5EA15FA}.Debug|Any CPU.ActiveCfg = Debug|Any CPU
		{A19A5CB0-5CDC-4AEF-ABCE-E00EB5EA15FA}.Debug|Any CPU.Build.0 = Debug|Any CPU
		{A19A5CB0-5CDC-4AEF-ABCE-E00EB5EA15FA}.Release|Any CPU.ActiveCfg = Release|Any CPU
		{A19A5CB0-5CDC-4AEF-ABCE-E00EB5EA15FA}.Release|Any CPU.Build.0 = Release|Any CPU
		{C7B21E74-378C-4389-BA44-5C73CB7ABE48}.Debug|Any CPU.ActiveCfg = Debug|Any CPU
		{C7B21E74-378C-4389-BA44-5C73CB7ABE48}.Debug|Any CPU.Build.0 = Debug|Any CPU
		{C7B21E74-378C-4389-BA44-5C73CB7ABE48}.Release|Any CPU.ActiveCfg = Release|Any CPU
		{C7B21E74-378C-4389-BA44-5C73CB7ABE48}.Release|Any CPU.Build.0 = Release|Any CPU
		{16E641CE-6642-4AC6-A742-CC79DD49F7C3}.Debug|Any CPU.ActiveCfg = Debug|Any CPU
		{16E641CE-6642-4AC6-A742-CC79DD49F7C3}.Debug|Any CPU.Build.0 = Debug|Any CPU
		{16E641CE-6642-4AC6-A742-CC79DD49F7C3}.Release|Any CPU.ActiveCfg = Release|Any CPU
		{16E641CE-6642-4AC6-A742-CC79DD49F7C3}.Release|Any CPU.Build.0 = Release|Any CPU
		{A37ED630-ABDA-4627-969A-824C43ED1723}.Debug|Any CPU.ActiveCfg = Debug|Any CPU
		{A37ED630-ABDA-4627-969A-824C43ED1723}.Debug|Any CPU.Build.0 = Debug|Any CPU
		{A37ED630-ABDA-4627-969A-824C43ED1723}.Release|Any CPU.ActiveCfg = Release|Any CPU
		{A37ED630-ABDA-4627-969A-824C43ED1723}.Release|Any CPU.Build.0 = Release|Any CPU
		{6401E66F-AD5B-4FCA-962D-569CF2F61D2D}.Debug|Any CPU.ActiveCfg = Debug|Any CPU
		{6401E66F-AD5B-4FCA-962D-569CF2F61D2D}.Debug|Any CPU.Build.0 = Debug|Any CPU
		{6401E66F-AD5B-4FCA-962D-569CF2F61D2D}.Release|Any CPU.ActiveCfg = Release|Any CPU
		{6401E66F-AD5B-4FCA-962D-569CF2F61D2D}.Release|Any CPU.Build.0 = Release|Any CPU
		{7C8D870C-D44B-4106-B69E-E50D44F9902A}.Debug|Any CPU.ActiveCfg = Debug|Any CPU
		{7C8D870C-D44B-4106-B69E-E50D44F9902A}.Debug|Any CPU.Build.0 = Debug|Any CPU
		{7C8D870C-D44B-4106-B69E-E50D44F9902A}.Release|Any CPU.ActiveCfg = Release|Any CPU
		{7C8D870C-D44B-4106-B69E-E50D44F9902A}.Release|Any CPU.Build.0 = Release|Any CPU
		{0721C0B6-7629-4AFF-B5D8-CC313D5FC7AD}.Debug|Any CPU.ActiveCfg = Debug|Any CPU
		{0721C0B6-7629-4AFF-B5D8-CC313D5FC7AD}.Debug|Any CPU.Build.0 = Debug|Any CPU
		{0721C0B6-7629-4AFF-B5D8-CC313D5FC7AD}.Release|Any CPU.ActiveCfg = Release|Any CPU
		{0721C0B6-7629-4AFF-B5D8-CC313D5FC7AD}.Release|Any CPU.Build.0 = Release|Any CPU
	EndGlobalSection
	GlobalSection(SolutionProperties) = preSolution
		HideSolutionNode = FALSE
	EndGlobalSection
	GlobalSection(NestedProjects) = preSolution
		{E9A07DB9-E24D-40CF-B5A5-204B709C59AB} = {B914F30A-5B2D-4F9E-BBFA-A9E905485A30}
		{A3A6B2D3-B951-40F0-A5B7-08AAB1917D52} = {E9A07DB9-E24D-40CF-B5A5-204B709C59AB}
		{C86FADE1-CADB-46E1-BC1E-8C3AC05EF2FE} = {E9A07DB9-E24D-40CF-B5A5-204B709C59AB}
		{2E7231B9-0AA2-4C44-9AD5-7B881D654549} = {E9A07DB9-E24D-40CF-B5A5-204B709C59AB}
		{10B52A54-DB8D-4A4A-8969-89DEE1CFE701} = {E9A07DB9-E24D-40CF-B5A5-204B709C59AB}
		{BA120245-E249-4C6E-92F1-B9DB60CF1D6D} = {E9A07DB9-E24D-40CF-B5A5-204B709C59AB}
		{2E9DAE5B-3FF5-49D2-8671-997128D507DD} = {E9A07DB9-E24D-40CF-B5A5-204B709C59AB}
		{E450F19C-54A2-4A3C-8564-ED094FDC61B7} = {E9A07DB9-E24D-40CF-B5A5-204B709C59AB}
		{F6F3F224-C315-48CA-B65C-A422C6F9E8D7} = {E9A07DB9-E24D-40CF-B5A5-204B709C59AB}
		{A9CC0295-39D5-4734-BC53-BA2205CA8703} = {B914F30A-5B2D-4F9E-BBFA-A9E905485A30}
		{9B8F35A7-27D9-4A2F-9056-C3D7B68990C9} = {A9CC0295-39D5-4734-BC53-BA2205CA8703}
		{A19A5CB0-5CDC-4AEF-ABCE-E00EB5EA15FA} = {A9CC0295-39D5-4734-BC53-BA2205CA8703}
		{C7B21E74-378C-4389-BA44-5C73CB7ABE48} = {A9CC0295-39D5-4734-BC53-BA2205CA8703}
		{16E641CE-6642-4AC6-A742-CC79DD49F7C3} = {A9CC0295-39D5-4734-BC53-BA2205CA8703}
		{A37ED630-ABDA-4627-969A-824C43ED1723} = {A9CC0295-39D5-4734-BC53-BA2205CA8703}
		{FFC306E4-A0B2-4E81-A43B-075C2BA911EF} = {B914F30A-5B2D-4F9E-BBFA-A9E905485A30}
		{6401E66F-AD5B-4FCA-962D-569CF2F61D2D} = {FFC306E4-A0B2-4E81-A43B-075C2BA911EF}
		{7C8D870C-D44B-4106-B69E-E50D44F9902A} = {FFC306E4-A0B2-4E81-A43B-075C2BA911EF}
		{0721C0B6-7629-4AFF-B5D8-CC313D5FC7AD} = {FFC306E4-A0B2-4E81-A43B-075C2BA911EF}
	EndGlobalSection
EndGlobal
